{
  "name": "bytementor-backend",
  "version": "1.0.0",
  "lockfileVersion": 3,
  "requires": true,
  "packages": {
    "": {
      "name": "bytementor-backend",
      "version": "1.0.0",
      "dependencies": {
        "@aws-sdk/client-dynamodb": "^3.500.0",
        "@aws-sdk/client-ses": "^3.500.0",
        "@aws-sdk/util-dynamodb": "^3.500.0",
        "groq-sdk": "^1.3.0"
      },
      "devDependencies": {
        "@types/aws-lambda": "^8.10.130",
        "@types/node": "^18.19.0",
        "esbuild": "^0.19.11",
        "typescript": "^5.3.3"
      }
    },
    "node_modules/@aws-sdk/client-dynamodb": {
      "version": "3.1089.0",
      "resolved": "https://registry.npmjs.org/@aws-sdk/client-dynamodb/-/client-dynamodb-3.1089.0.tgz",
      "integrity": "sha512-5sjA0CqMREHvCXK8i2eJLzOpVWwpbx7jnE/gQ7K4x8N76EvOfsW0qXvHGhIsNu4wb9A38cdUg/KwR3q+hE9QyQ==",
      "license": "Apache-2.0",
      "dependencies": {
        "@aws-sdk/core": "^3.975.3",
        "@aws-sdk/credential-provider-node": "^3.972.70",
        "@aws-sdk/dynamodb-codec": "^3.973.33",
        "@aws-sdk/middleware-endpoint-discovery": "^3.972.25",
        "@aws-sdk/types": "^3.974.2",
        "@smithy/core": "^3.29.4",
        "@smithy/fetch-http-handler": "^5.6.6",
        "@smithy/node-http-handler": "^4.9.6",
        "@smithy/types": "^4.16.1",
        "tslib": "^2.6.2"
      },
      "engines": {
        "node": ">=20.0.0"
      }
    },
    "node_modules/@aws-sdk/client-ses": {
      "version": "3.1089.0",
      "resolved": "https://registry.npmjs.org/@aws-sdk/client-ses/-/client-ses-3.1089.0.tgz",
      "integrity": "sha512-fPcnrUf+x/jYlSygZ/idKhULEZWyZlcHQtZe31x8DS19WxL5BjhBXr473Jf7K6jk8VlQO6sn8nzjCEHnD5Q/yw==",
      "license": "Apache-2.0",
      "dependencies": {
        "@aws-sdk/core": "^3.975.3",
        "@aws-sdk/credential-provider-node": "^3.972.70",
        "@aws-sdk/types": "^3.974.2",
        "@smithy/core": "^3.29.4",
        "@smithy/fetch-http-handler": "^5.6.6",
        "@smithy/node-http-handler": "^4.9.6",
        "@smithy/types": "^4.16.1",
        "tslib": "^2.6.2"
      },
      "engines": {
        "node": ">=20.0.0"
      }
    },
    "node_modules/@aws-sdk/core": {
      "version": "3.975.3",
      "resolved": "https://registry.npmjs.org/@aws-sdk/core/-/core-3.975.3.tgz",
      "integrity": "sha512-7ur3kCKuvPLqlsZ2XlvnNBVQ7KkpSu6Y6dOTwSPHLrFpTEfZM8isLBJc4cgv96WB7GifeVM436mpycwxBd2vEA==",
      "license": "Apache-2.0",
      "dependencies": {
        "@aws-sdk/types": "^3.974.2",
        "@aws-sdk/xml-builder": "^3.972.36",
        "@aws/lambda-invoke-store": "^0.3.0",
        "@smithy/core": "^3.29.4",
        "@smithy/signature-v4": "^5.6.5",
        "@smithy/types": "^4.16.1",
        "bowser": "^2.11.0",
        "tslib": "^2.6.2"
      },
      "engines": {
        "node": ">=20.0.0"
      }
    },
    "node_modules/@aws-sdk/credential-provider-env": {
      "version": "3.972.59",
      "resolved": "https://registry.npmjs.org/@aws-sdk/credential-provider-env/-/credential-provider-env-3.972.59.tgz",
      "integrity": "sha512-Ny5e4Mfh3QPmiAc0AiUe+cbTXDlxkU3Rc+EpWOfyWeWEy6yp7Fa1KmfNeCc+1a8by9zQ9gtohmiQUkMPScF3ng==",
      "license": "Apache-2.0",
      "dependencies": {
        "@aws-sdk/core": "^3.975.3",
        "@aws-sdk/types": "^3.974.2",
        "@smithy/core": "^3.29.4",
        "@smithy/types": "^4.16.1",
        "tslib": "^2.6.2"
      },
      "engines": {
        "node": ">=20.0.0"
      }
    },
    "node_modules/@aws-sdk/credential-provider-http": {
      "version": "3.972.61",
      "resolved": "https://registry.npmjs.org/@aws-sdk/credential-provider-http/-/credential-provider-http-3.972.61.tgz",
      "integrity": "sha512-8jAjgStl5Ytq4+HF3X/9f+EmRinaRbGRRtQGktlPfBRVx73H+R1y48vIeXerQtYGFaUqkEp3fT6jP854rVO2yQ==",
      "license": "Apache-2.0",
      "dependencies": {
        "@aws-sdk/core": "^3.975.3",
        "@aws-sdk/types": "^3.974.2",
        "@smithy/core": "^3.29.4",
        "@smithy/fetch-http-handler": "^5.6.6",
        "@smithy/node-http-handler": "^4.9.6",
        "@smithy/types": "^4.16.1",
        "tslib": "^2.6.2"
      },
      "engines": {
        "node": ">=20.0.0"
      }
    },
    "node_modules/@aws-sdk/credential-provider-ini": {
      "version": "3.973.4",
      "resolved": "https://registry.npmjs.org/@aws-sdk/credential-provider-ini/-/credential-provider-ini-3.973.4.tgz",
      "integrity": "sha512-e6ZvVsj90aRALf1kHP+J4iqC1496ZpVgqI/+u0LJ5HL7q7ATauGy4gdDvRCP13L1pN/fMiZLah162PGIYkbUVQ==",
      "license": "Apache-2.0",
      "dependencies": {
        "@aws-sdk/core": "^3.975.3",
        "@aws-sdk/credential-provider-env": "^3.972.59",
        "@aws-sdk/credential-provider-http": "^3.972.61",
        "@aws-sdk/credential-provider-login": "^3.972.66",
        "@aws-sdk/credential-provider-process": "^3.972.59",
        "@aws-sdk/credential-provider-sso": "^3.973.3",
        "@aws-sdk/credential-provider-web-identity": "^3.972.65",
        "@aws-sdk/nested-clients": "^3.997.33",
        "@aws-sdk/types": "^3.974.2",
        "@smithy/core": "^3.29.4",
        "@smithy/credential-provider-imds": "^4.4.9",
        "@smithy/types": "^4.16.1",
        "tslib": "^2.6.2"
      },
      "engines": {
        "node": ">=20.0.0"
      }
    },
    "node_modules/@aws-sdk/credential-provider-login": {
      "version": "3.972.66",
      "resolved": "https://registry.npmjs.org/@aws-sdk/credential-provider-login/-/credential-provider-login-3.972.66.tgz",
      "integrity": "sha512-g2fsqm87r/nKthLZ0VkkDBElkGg0PvSa8d97HQ6EilMbJTZ6hxa8FxkSZyJfgPfFdZn0TTmkOffQmTSUcAHIng==",
      "license": "Apache-2.0",
      "dependencies": {
        "@aws-sdk/core": "^3.975.3",
        "@aws-sdk/nested-clients": "^3.997.33",
        "@aws-sdk/types": "^3.974.2",
        "@smithy/core": "^3.29.4",
        "@smithy/types": "^4.16.1",
        "tslib": "^2.6.2"
      },
      "engines": {
        "node": ">=20.0.0"
      }
    },
    "node_modules/@aws-sdk/credential-provider-node": {
      "version": "3.972.70",
      "resolved": "https://registry.npmjs.org/@aws-sdk/credential-provider-node/-/credential-provider-node-3.972.70.tgz",
      "integrity": "sha512-3xzvkGdykBunxqh8WudmUpSyLWvIhfI6aBQo1b5rb3mDO5mNLadK+0hiI0qBQBMVynJbfLO+Ajy9dztMwy9O8w==",
      "license": "Apache-2.0",
      "dependencies": {
        "@aws-sdk/credential-provider-env": "^3.972.59",
        "@aws-sdk/credential-provider-http": "^3.972.61",
        "@aws-sdk/credential-provider-ini": "^3.973.4",
        "@aws-sdk/credential-provider-process": "^3.972.59",
        "@aws-sdk/credential-provider-sso": "^3.973.3",
        "@aws-sdk/credential-provider-web-identity": "^3.972.65",
        "@aws-sdk/types": "^3.974.2",
        "@smithy/core": "^3.29.4",
        "@smithy/credential-provider-imds": "^4.4.9",
        "@smithy/types": "^4.16.1",
        "tslib": "^2.6.2"
      },
      "engines": {
        "node": ">=20.0.0"
      }
    },
    "node_modules/@aws-sdk/credential-provider-process": {
      "version": "3.972.59",
      "resolved": "https://registry.npmjs.org/@aws-sdk/credential-provider-process/-/credential-provider-process-3.972.59.tgz",
      "integrity": "sha512-DlZF2/MhLlatDdlrIy3CUCpfdbLrKx+3SMjVo+WyHnPpwzkc/M3vwAHw4OVJf7DMvO+4vfRqSCMc/E9I1auN0g==",
      "license": "Apache-2.0",
      "dependencies": {
        "@aws-sdk/core": "^3.975.3",
        "@aws-sdk/types": "^3.974.2",
        "@smithy/core": "^3.29.4",
        "@smithy/types": "^4.16.1",
        "tslib": "^2.6.2"
      },
      "engines": {
        "node": ">=20.0.0"
      }
    },
    "node_modules/@aws-sdk/credential-provider-sso": {
      "version": "3.973.3",
      "resolved": "https://registry.npmjs.org/@aws-sdk/credential-provider-sso/-/credential-provider-sso-3.973.3.tgz",
      "integrity": "sha512-hmdDHoy2G5Es2e8IgelNMYUuSQI6uCIAKZMJ2u2PdKDhxvbk1uWD/g4+R7R5c/tJfKEB1+KjjWiaoCr/S+ZTiQ==",
      "license": "Apache-2.0",
      "dependencies": {
        "@aws-sdk/core": "^3.975.3",
        "@aws-sdk/nested-clients": "^3.997.33",
        "@aws-sdk/token-providers": "3.1088.0",
        "@aws-sdk/types": "^3.974.2",
        "@smithy/core": "^3.29.4",
        "@smithy/types": "^4.16.1",
        "tslib": "^2.6.2"
      },
      "engines": {
        "node": ">=20.0.0"
      }
    },
    "node_modules/@aws-sdk/credential-provider-sso/node_modules/@aws-sdk/token-providers": {
      "version": "3.1088.0",
      "resolved": "https://registry.npmjs.org/@aws-sdk/token-providers/-/token-providers-3.1088.0.tgz",
      "integrity": "sha512-4ObatWt2qpJg5FBk4LOOKrTQYzaqeewAtdO3r9ZO8lH9YqLtpTzLyIdy0mJ+nVdfYOnqISkKNfmzP22bNDhwyw==",
      "license": "Apache-2.0",
      "dependencies": {
        "@aws-sdk/core": "^3.975.3",
        "@aws-sdk/nested-clients": "^3.997.33",
        "@aws-sdk/types": "^3.974.2",
        "@smithy/core": "^3.29.4",
        "@smithy/types": "^4.16.1",
        "tslib": "^2.6.2"
      },
      "engines": {
        "node": ">=20.0.0"
      }
    },
    "node_modules/@aws-sdk/credential-provider-web-identity": {
      "version": "3.972.65",
      "resolved": "https://registry.npmjs.org/@aws-sdk/credential-provider-web-identity/-/credential-provider-web-identity-3.972.65.tgz",
      "integrity": "sha512-gHQb/Kt0chjk/JQDa/GJDqmAvEuVn8n7z10wK2h0LFM9TUDRkohgOO4aEF+s2sBLM0br7Cl5W6P7phgjrrJvLQ==",
      "license": "Apache-2.0",
      "dependencies": {
        "@aws-sdk/core": "^3.975.3",
        "@aws-sdk/nested-clients": "^3.997.33",
        "@aws-sdk/types": "^3.974.2",
        "@smithy/core": "^3.29.4",
        "@smithy/types": "^4.16.1",
        "tslib": "^2.6.2"
      },
      "engines": {
        "node": ">=20.0.0"
      }
    },
    "node_modules/@aws-sdk/dynamodb-codec": {
      "version": "3.973.33",
      "resolved": "https://registry.npmjs.org/@aws-sdk/dynamodb-codec/-/dynamodb-codec-3.973.33.tgz",
      "integrity": "sha512-/awY2mG1zvTy22j4ryZL8jfWQdcuppsw17Mxw1tjG92hO+52JoFZaaTWrJIQp066t/aj4JC4II29UJb6g644vA==",
      "license": "Apache-2.0",
      "dependencies": {
        "@aws-sdk/core": "^3.975.3",
        "@smithy/core": "^3.29.4",
        "@smithy/types": "^4.16.1",
        "tslib": "^2.6.2"
      },
      "engines": {
        "node": ">=20.0.0"
      }
    },
    "node_modules/@aws-sdk/endpoint-cache": {
      "version": "3.972.9",
      "resolved": "https://registry.npmjs.org/@aws-sdk/endpoint-cache/-/endpoint-cache-3.972.9.tgz",
      "integrity": "sha512-LFvdgq8SriaskUcjpBMDE7J2c9RmuT5v3gU36/znV71EU5DKUis4FmGFjCMelKCCViFeVrQADBAlIiOYRhEx6Q==",
      "license": "Apache-2.0",
      "dependencies": {
        "mnemonist": "0.38.3",
        "tslib": "^2.6.2"
      },
      "engines": {
        "node": ">=20.0.0"
      }
    },
    "node_modules/@aws-sdk/middleware-endpoint-discovery": {
      "version": "3.972.25",
      "resolved": "https://registry.npmjs.org/@aws-sdk/middleware-endpoint-discovery/-/middleware-endpoint-discovery-3.972.25.tgz",
      "integrity": "sha512-5G2aVPmbWC5dFI76D0vsNg2L0fgWP4uybcetf+06dzeZuRtpihnow88fOl5zm3+ABdIw27FKgyFzV4yB5Bm29Q==",
      "license": "Apache-2.0",
      "dependencies": {
        "@aws-sdk/endpoint-cache": "^3.972.9",
        "@aws-sdk/types": "^3.974.2",
        "@smithy/core": "^3.29.4",
        "@smithy/types": "^4.16.1",
        "tslib": "^2.6.2"
      },
      "engines": {
        "node": ">=20.0.0"
      }
    },
    "node_modules/@aws-sdk/nested-clients": {
      "version": "3.997.33",
      "resolved": "https://registry.npmjs.org/@aws-sdk/nested-clients/-/nested-clients-3.997.33.tgz",
      "integrity": "sha512-dVZOroI/r3/ENvqNGgjMPul+jjlz9GddfVusgTXlVjfZj5isibOxecLkGQbRPp8XOuX+RAfjXLFgPkD1JS5xrw==",
      "license": "Apache-2.0",
      "dependencies": {
        "@aws-sdk/core": "^3.975.3",
        "@aws-sdk/signature-v4-multi-region": "^3.996.41",
        "@aws-sdk/types": "^3.974.2",
        "@smithy/core": "^3.29.4",
        "@smithy/fetch-http-handler": "^5.6.6",
        "@smithy/node-http-handler": "^4.9.6",
        "@smithy/types": "^4.16.1",
        "tslib": "^2.6.2"
      },
      "engines": {
        "node": ">=20.0.0"
      }
    },
    "node_modules/@aws-sdk/signature-v4-multi-region": {
      "version": "3.996.41",
      "resolved": "https://registry.npmjs.org/@aws-sdk/signature-v4-multi-region/-/signature-v4-multi-region-3.996.41.tgz",
      "integrity": "sha512-QMUytg+FQMGouc8gHS00KoYih3+N6cqmVI/pQGOIo7Nr7OpQaiXjSYOuL+vsPZ1tymY4LAQ8MYcHJmws5LRxng==",
      "license": "Apache-2.0",
      "dependencies": {
        "@aws-sdk/types": "^3.974.2",
        "@smithy/signature-v4": "^5.6.5",
        "@smithy/types": "^4.16.1",
        "tslib": "^2.6.2"
      },
      "engines": {
        "node": ">=20.0.0"
      }
    },
    "node_modules/@aws-sdk/types": {
      "version": "3.974.2",
      "resolved": "https://registry.npmjs.org/@aws-sdk/types/-/types-3.974.2.tgz",
      "integrity": "sha512-3W6IUtSxFbH6X7Wb7DzGCV5QiFQsd0g8bOfntpmDxQlzBoKWUMBu/JPQR0DwkE+Hpnxd6db1tXbOwdeHddG6cA==",
      "license": "Apache-2.0",
      "dependencies": {
        "@smithy/types": "^4.16.1",
        "tslib": "^2.6.2"
      },
      "engines": {
        "node": ">=20.0.0"
      }
    },
    "node_modules/@aws-sdk/util-dynamodb": {
      "version": "3.996.7",
      "resolved": "https://registry.npmjs.org/@aws-sdk/util-dynamodb/-/util-dynamodb-3.996.7.tgz",
      "integrity": "sha512-v+WJASG9yaW8qNM7pNSgH1PBYz5mVTf7gzKPi0NqGjLlaCtPdk6EjM1lmv03egA07iXUw6OToGYfW2w8D3kBrg==",
      "license": "Apache-2.0",
      "dependencies": {
        "tslib": "^2.6.2"
      },
      "engines": {
        "node": ">=20.0.0"
      },
      "peerDependencies": {
        "@aws-sdk/client-dynamodb": "^3.1088.0"
      }
    },
    "node_modules/@aws-sdk/xml-builder": {
      "version": "3.972.36",
      "resolved": "https://registry.npmjs.org/@aws-sdk/xml-builder/-/xml-builder-3.972.36.tgz",
      "integrity": "sha512-RdGmS1GLrtaTOLE1ElSluMldNrpk9Emq6uYs8SS8iHlu5xTAmM9rRkM91o48+rIRryBtyO9t+uLYCoMG6jVMVA==",
      "license": "Apache-2.0",
      "dependencies": {
        "@smithy/types": "^4.16.1",
        "tslib": "^2.6.2"
      },
      "engines": {
        "node": ">=20.0.0"
      }
    },
    "node_modules/@aws/lambda-invoke-store": {
      "version": "0.3.0",
      "resolved": "https://registry.npmjs.org/@aws/lambda-invoke-store/-/lambda-invoke-store-0.3.0.tgz",
      "integrity": "sha512-sl4Bm6yiMNYrZKkqqDFWN0UfnWhlS8ivKxrYl+6t0gCLrqr8y3B2IqZZbFRkfaVVp7C/baApyh71P+LeE1A2sQ==",
      "license": "Apache-2.0",
      "engines": {
        "node": ">=18.0.0"
      }
    },
    "node_modules/@esbuild/aix-ppc64": {
      "version": "0.19.12",
      "resolved": "https://registry.npmjs.org/@esbuild/aix-ppc64/-/aix-ppc64-0.19.12.tgz",
      "integrity": "sha512-bmoCYyWdEL3wDQIVbcyzRyeKLgk2WtWLTWz1ZIAZF/EGbNOwSA6ew3PftJ1PqMiOOGu0OyFMzG53L0zqIpPeNA==",
      "cpu": [
        "ppc64"
      ],
      "dev": true,
      "license": "MIT",
      "optional": true,
      "os": [
        "aix"
      ],
      "engines": {
        "node": ">=12"
      }
    },
    "node_modules/@esbuild/android-arm": {
      "version": "0.19.12",
      "resolved": "https://registry.npmjs.org/@esbuild/android-arm/-/android-arm-0.19.12.tgz",
      "integrity": "sha512-qg/Lj1mu3CdQlDEEiWrlC4eaPZ1KztwGJ9B6J+/6G+/4ewxJg7gqj8eVYWvao1bXrqGiW2rsBZFSX3q2lcW05w==",
      "cpu": [
        "arm"
      ],
      "dev": true,
      "license": "MIT",
      "optional": true,
      "os": [
        "android"
      ],
      "engines": {
        "node": ">=12"
      }
    },
    "node_modules/@esbuild/android-arm64": {
      "version": "0.19.12",
      "resolved": "https://registry.npmjs.org/@esbuild/android-arm64/-/android-arm64-0.19.12.tgz",
      "integrity": "sha512-P0UVNGIienjZv3f5zq0DP3Nt2IE/3plFzuaS96vihvD0Hd6H/q4WXUGpCxD/E8YrSXfNyRPbpTq+T8ZQioSuPA==",
      "cpu": [
        "arm64"
      ],
      "dev": true,
      "license": "MIT",
      "optional": true,
      "os": [
        "android"
      ],
      "engines": {
        "node": ">=12"
      }
    },
    "node_modules/@esbuild/android-x64": {
      "version": "0.19.12",
      "resolved": "https://registry.npmjs.org/@esbuild/android-x64/-/android-x64-0.19.12.tgz",
      "integrity": "sha512-3k7ZoUW6Q6YqhdhIaq/WZ7HwBpnFBlW905Fa4s4qWJyiNOgT1dOqDiVAQFwBH7gBRZr17gLrlFCRzF6jFh7Kew==",
      "cpu": [
        "x64"
      ],
      "dev": true,
      "license": "MIT",
      "optional": true,
      "os": [
        "android"
      ],
      "engines": {
        "node": ">=12"
      }
    },
    "node_modules/@esbuild/darwin-arm64": {
      "version": "0.19.12",
      "resolved": "https://registry.npmjs.org/@esbuild/darwin-arm64/-/darwin-arm64-0.19.12.tgz",
      "integrity": "sha512-B6IeSgZgtEzGC42jsI+YYu9Z3HKRxp8ZT3cqhvliEHovq8HSX2YX8lNocDn79gCKJXOSaEot9MVYky7AKjCs8g==",
      "cpu": [
        "arm64"
      ],
      "dev": true,
      "license": "MIT",
      "optional": true,
      "os": [
        "darwin"
      ],
      "engines": {
        "node": ">=12"
      }
    },
    "node_modules/@esbuild/darwin-x64": {
      "version": "0.19.12",
      "resolved": "https://registry.npmjs.org/@esbuild/darwin-x64/-/darwin-x64-0.19.12.tgz",
      "integrity": "sha512-hKoVkKzFiToTgn+41qGhsUJXFlIjxI/jSYeZf3ugemDYZldIXIxhvwN6erJGlX4t5h417iFuheZ7l+YVn05N3A==",
      "cpu": [
        "x64"
      ],
      "dev": true,
      "license": "MIT",
      "optional": true,
      "os": [
        "darwin"
      ],
      "engines": {
        "node": ">=12"
      }
    },
    "node_modules/@esbuild/freebsd-arm64": {
      "version": "0.19.12",
      "resolved": "https://registry.npmjs.org/@esbuild/freebsd-arm64/-/freebsd-arm64-0.19.12.tgz",
      "integrity": "sha512-4aRvFIXmwAcDBw9AueDQ2YnGmz5L6obe5kmPT8Vd+/+x/JMVKCgdcRwH6APrbpNXsPz+K653Qg8HB/oXvXVukA==",
      "cpu": [
        "arm64"
      ],
      "dev": true,
      "license": "MIT",
      "optional": true,
      "os": [
        "freebsd"
      ],
      "engines": {
        "node": ">=12"
      }
    },
    "node_modules/@esbuild/freebsd-x64": {
      "version": "0.19.12",
      "resolved": "https://registry.npmjs.org/@esbuild/freebsd-x64/-/freebsd-x64-0.19.12.tgz",
      "integrity": "sha512-EYoXZ4d8xtBoVN7CEwWY2IN4ho76xjYXqSXMNccFSx2lgqOG/1TBPW0yPx1bJZk94qu3tX0fycJeeQsKovA8gg==",
      "cpu": [
        "x64"
      ],
      "dev": true,
      "license": "MIT",
      "optional": true,
      "os": [
        "freebsd"
      ],
      "engines": {
        "node": ">=12"
      }
    },
    "node_modules/@esbuild/linux-arm": {
      "version": "0.19.12",
      "resolved": "https://registry.npmjs.org/@esbuild/linux-arm/-/linux-arm-0.19.12.tgz",
      "integrity": "sha512-J5jPms//KhSNv+LO1S1TX1UWp1ucM6N6XuL6ITdKWElCu8wXP72l9MM0zDTzzeikVyqFE6U8YAV9/tFyj0ti+w==",
      "cpu": [
        "arm"
      ],
      "dev": true,
      "license": "MIT",
      "optional": true,
      "os": [
        "linux"
      ],
      "engines": {
        "node": ">=12"
      }
    },
    "node_modules/@esbuild/linux-arm64": {
      "version": "0.19.12",
      "resolved": "https://registry.npmjs.org/@esbuild/linux-arm64/-/linux-arm64-0.19.12.tgz",
      "integrity": "sha512-EoTjyYyLuVPfdPLsGVVVC8a0p1BFFvtpQDB/YLEhaXyf/5bczaGeN15QkR+O4S5LeJ92Tqotve7i1jn35qwvdA==",
      "cpu": [
        "arm64"
      ],
      "dev": true,
      "license": "MIT",
      "optional": true,
      "os": [
        "linux"
      ],
      "engines": {
        "node": ">=12"
      }
    },
    "node_modules/@esbuild/linux-ia32": {
      "version": "0.19.12",
      "resolved": "https://registry.npmjs.org/@esbuild/linux-ia32/-/linux-ia32-0.19.12.tgz",
      "integrity": "sha512-Thsa42rrP1+UIGaWz47uydHSBOgTUnwBwNq59khgIwktK6x60Hivfbux9iNR0eHCHzOLjLMLfUMLCypBkZXMHA==",
      "cpu": [
        "ia32"
      ],
      "dev": true,
      "license": "MIT",
      "optional": true,
      "os": [
        "linux"
      ],
      "engines": {
        "node": ">=12"
      }
    },
    "node_modules/@esbuild/linux-loong64": {
      "version": "0.19.12",
      "resolved": "https://registry.npmjs.org/@esbuild/linux-loong64/-/linux-loong64-0.19.12.tgz",
      "integrity": "sha512-LiXdXA0s3IqRRjm6rV6XaWATScKAXjI4R4LoDlvO7+yQqFdlr1Bax62sRwkVvRIrwXxvtYEHHI4dm50jAXkuAA==",
      "cpu": [
        "loong64"
      ],
      "dev": true,
      "license": "MIT",
      "optional": true,
      "os": [
        "linux"
      ],
      "engines": {
        "node": ">=12"
      }
    },
    "node_modules/@esbuild/linux-mips64el": {
      "version": "0.19.12",
      "resolved": "https://registry.npmjs.org/@esbuild/linux-mips64el/-/linux-mips64el-0.19.12.tgz",
      "integrity": "sha512-fEnAuj5VGTanfJ07ff0gOA6IPsvrVHLVb6Lyd1g2/ed67oU1eFzL0r9WL7ZzscD+/N6i3dWumGE1Un4f7Amf+w==",
      "cpu": [
        "mips64el"
      ],
      "dev": true,
      "license": "MIT",
      "optional": true,
      "os": [
        "linux"
      ],
      "engines": {
        "node": ">=12"
      }
    },
    "node_modules/@esbuild/linux-ppc64": {
      "version": "0.19.12",
      "resolved": "https://registry.npmjs.org/@esbuild/linux-ppc64/-/linux-ppc64-0.19.12.tgz",
      "integrity": "sha512-nYJA2/QPimDQOh1rKWedNOe3Gfc8PabU7HT3iXWtNUbRzXS9+vgB0Fjaqr//XNbd82mCxHzik2qotuI89cfixg==",
      "cpu": [
        "ppc64"
      ],
      "dev": true,
      "license": "MIT",
      "optional": true,
      "os": [
        "linux"
      ],
      "engines": {
        "node": ">=12"
      }
    },
    "node_modules/@esbuild/linux-riscv64": {
      "version": "0.19.12",
      "resolved": "https://registry.npmjs.org/@esbuild/linux-riscv64/-/linux-riscv64-0.19.12.tgz",
      "integrity": "sha512-2MueBrlPQCw5dVJJpQdUYgeqIzDQgw3QtiAHUC4RBz9FXPrskyyU3VI1hw7C0BSKB9OduwSJ79FTCqtGMWqJHg==",
      "cpu": [
        "riscv64"
      ],
      "dev": true,
      "license": "MIT",
      "optional": true,
      "os": [
        "linux"
      ],
      "engines": {
        "node": ">=12"
      }
    },
    "node_modules/@esbuild/linux-s390x": {
      "version": "0.19.12",
      "resolved": "https://registry.npmjs.org/@esbuild/linux-s390x/-/linux-s390x-0.19.12.tgz",
      "integrity": "sha512-+Pil1Nv3Umes4m3AZKqA2anfhJiVmNCYkPchwFJNEJN5QxmTs1uzyy4TvmDrCRNT2ApwSari7ZIgrPeUx4UZDg==",
      "cpu": [
        "s390x"
      ],
      "dev": true,
      "license": "MIT",
      "optional": true,
      "os": [
        "linux"
      ],
      "engines": {
        "node": ">=12"
      }
    },
    "node_modules/@esbuild/linux-x64": {
      "version": "0.19.12",
      "resolved": "https://registry.npmjs.org/@esbuild/linux-x64/-/linux-x64-0.19.12.tgz",
      "integrity": "sha512-B71g1QpxfwBvNrfyJdVDexenDIt1CiDN1TIXLbhOw0KhJzE78KIFGX6OJ9MrtC0oOqMWf+0xop4qEU8JrJTwCg==",
      "cpu": [
        "x64"
      ],
      "dev": true,
      "license": "MIT",
      "optional": true,
      "os": [
        "linux"
      ],
      "engines": {
        "node": ">=12"
      }
    },
    "node_modules/@esbuild/netbsd-x64": {
      "version": "0.19.12",
      "resolved": "https://registry.npmjs.org/@esbuild/netbsd-x64/-/netbsd-x64-0.19.12.tgz",
      "integrity": "sha512-3ltjQ7n1owJgFbuC61Oj++XhtzmymoCihNFgT84UAmJnxJfm4sYCiSLTXZtE00VWYpPMYc+ZQmB6xbSdVh0JWA==",
      "cpu": [
        "x64"
      ],
      "dev": true,
      "license": "MIT",
      "optional": true,
      "os": [
        "netbsd"
      ],
      "engines": {
        "node": ">=12"
      }
    },
    "node_modules/@esbuild/openbsd-x64": {
      "version": "0.19.12",
      "resolved": "https://registry.npmjs.org/@esbuild/openbsd-x64/-/openbsd-x64-0.19.12.tgz",
      "integrity": "sha512-RbrfTB9SWsr0kWmb9srfF+L933uMDdu9BIzdA7os2t0TXhCRjrQyCeOt6wVxr79CKD4c+p+YhCj31HBkYcXebw==",
      "cpu": [
        "x64"
      ],
      "dev": true,
      "license": "MIT",
      "optional": true,
      "os": [
        "openbsd"
      ],
      "engines": {
        "node": ">=12"
      }
    },
    "node_modules/@esbuild/sunos-x64": {
      "version": "0.19.12",
      "resolved": "https://registry.npmjs.org/@esbuild/sunos-x64/-/sunos-x64-0.19.12.tgz",
      "integrity": "sha512-HKjJwRrW8uWtCQnQOz9qcU3mUZhTUQvi56Q8DPTLLB+DawoiQdjsYq+j+D3s9I8VFtDr+F9CjgXKKC4ss89IeA==",
      "cpu": [
        "x64"
      ],
      "dev": true,
      "license": "MIT",
      "optional": true,
      "os": [
        "sunos"
      ],
      "engines": {
        "node": ">=12"
      }
    },
    "node_modules/@esbuild/win32-arm64": {
      "version": "0.19.12",
      "resolved": "https://registry.npmjs.org/@esbuild/win32-arm64/-/win32-arm64-0.19.12.tgz",
      "integrity": "sha512-URgtR1dJnmGvX864pn1B2YUYNzjmXkuJOIqG2HdU62MVS4EHpU2946OZoTMnRUHklGtJdJZ33QfzdjGACXhn1A==",
      "cpu": [
        "arm64"
      ],
      "dev": true,
      "license": "MIT",
      "optional": true,
      "os": [
        "win32"
      ],
      "engines": {
        "node": ">=12"
      }
    },
    "node_modules/@esbuild/win32-ia32": {
      "version": "0.19.12",
      "resolved": "https://registry.npmjs.org/@esbuild/win32-ia32/-/win32-ia32-0.19.12.tgz",
      "integrity": "sha512-+ZOE6pUkMOJfmxmBZElNOx72NKpIa/HFOMGzu8fqzQJ5kgf6aTGrcJaFsNiVMH4JKpMipyK+7k0n2UXN7a8YKQ==",
      "cpu": [
        "ia32"
      ],
      "dev": true,
      "license": "MIT",
      "optional": true,
      "os": [
        "win32"
      ],
      "engines": {
        "node": ">=12"
      }
    },
    "node_modules/@esbuild/win32-x64": {
      "version": "0.19.12",
      "resolved": "https://registry.npmjs.org/@esbuild/win32-x64/-/win32-x64-0.19.12.tgz",
      "integrity": "sha512-T1QyPSDCyMXaO3pzBkF96E8xMkiRYbUEZADd29SyPGabqxMViNoii+NcK7eWJAEoU6RZyEm5lVSIjTmcdoB9HA==",
      "cpu": [
        "x64"
      ],
      "dev": true,
      "license": "MIT",
      "optional": true,
      "os": [
        "win32"
      ],
      "engines": {
        "node": ">=12"
      }
    },
    "node_modules/@smithy/core": {
      "version": "3.29.5",
      "resolved": "https://registry.npmjs.org/@smithy/core/-/core-3.29.5.tgz",
      "integrity": "sha512-i0dk2t5B+CwV/dcJdUHILYkOQF5lof8f44dFCfDWToGCxjT9YQ+CgHqTAvJxzc3+zqQwm2QtVoJ5IqiNar/CnQ==",
      "license": "Apache-2.0",
      "dependencies": {
        "@smithy/types": "^4.16.1",
        "tslib": "^2.6.2"
      },
      "engines": {
        "node": ">=18.0.0"
      }
    },
    "node_modules/@smithy/credential-provider-imds": {
      "version": "4.4.10",
      "resolved": "https://registry.npmjs.org/@smithy/credential-provider-imds/-/credential-provider-imds-4.4.10.tgz",
      "integrity": "sha512-MJenAe4OKRZUo1LdYYFDCsSHxaHvInIU/z52GsheO9vl1/VSySVCr0zkyKD6TFiGkSUaWGxvKZ/70OvgUZR5HQ==",
      "license": "Apache-2.0",
      "dependencies": {
        "@smithy/core": "^3.29.5",
        "@smithy/types": "^4.16.1",
        "tslib": "^2.6.2"
      },
      "engines": {
        "node": ">=18.0.0"
      }
    },
    "node_modules/@smithy/fetch-http-handler": {
      "version": "5.6.7",
      "resolved": "https://registry.npmjs.org/@smithy/fetch-http-handler/-/fetch-http-handler-5.6.7.tgz",
      "integrity": "sha512-3zpg8yqqyXzoK2TsRDdkqVOj2RDBFfLXwCczOZ5c7TWB4eiaebfSCsbMjDPYB3PJ9ihV62QaeadZ+wLadZtNGA==",
      "license": "Apache-2.0",
      "dependencies": {
        "@smithy/core": "^3.29.5",
        "@smithy/types": "^4.16.1",
        "tslib": "^2.6.2"
      },
      "engines": {
        "node": ">=18.0.0"
      }
    },
    "node_modules/@smithy/node-http-handler": {
      "version": "4.9.7",
      "resolved": "https://registry.npmjs.org/@smithy/node-http-handler/-/node-http-handler-4.9.7.tgz",
      "integrity": "sha512-wCU8HCLjAtAVqxxe0j2xff9LcEPw3yjBbg5IdQDIYFnxnPxbxcSLc7rgex7kqm9L/WYOnJEgaWQlfDkZleozMA==",
      "license": "Apache-2.0",
      "dependencies": {
        "@smithy/core": "^3.29.5",
        "@smithy/types": "^4.16.1",
        "tslib": "^2.6.2"
      },
      "engines": {
        "node": ">=18.0.0"
      }
    },
    "node_modules/@smithy/signature-v4": {
      "version": "5.6.6",
      "resolved": "https://registry.npmjs.org/@smithy/signature-v4/-/signature-v4-5.6.6.tgz",
      "integrity": "sha512-efP6DN3UTFrzIsGO42/xcabv8jU7+9nwEdphFUH7yL0k010ERyAWaO41KFQIDLcFZLZ8xzIQr4wplFxNzslSGQ==",
      "license": "Apache-2.0",
      "dependencies": {
        "@smithy/core": "^3.29.5",
        "@smithy/types": "^4.16.1",
        "tslib": "^2.6.2"
      },
      "engines": {
        "node": ">=18.0.0"
      }
    },
    "node_modules/@smithy/types": {
      "version": "4.16.1",
      "resolved": "https://registry.npmjs.org/@smithy/types/-/types-4.16.1.tgz",
      "integrity": "sha512-0JFs3V2y2M9tKW5na/qxe69Zv+uxLMO7QBbhxF/FHu/Gp2NFZAAL9tWl9PU02xxo07pb3G9FTyjNc6D5uZrJIg==",
      "license": "Apache-2.0",
      "dependencies": {
        "tslib": "^2.6.2"
      },
      "engines": {
        "node": ">=18.0.0"
      }
    },
    "node_modules/@types/aws-lambda": {
      "version": "8.10.162",
      "resolved": "https://registry.npmjs.org/@types/aws-lambda/-/aws-lambda-8.10.162.tgz",
      "integrity": "sha512-Fn658grtLOci1oxi1391vvDWJRKNGWRSqfxRkmN/Iy3c0tQH1USMKEXcPYHLvope+ZgTFocx9FRQJx1muBL6qw==",
      "dev": true,
      "license": "MIT"
    },
    "node_modules/@types/node": {
      "version": "18.19.130",
      "resolved": "https://registry.npmjs.org/@types/node/-/node-18.19.130.tgz",
      "integrity": "sha512-GRaXQx6jGfL8sKfaIDD6OupbIHBr9jv7Jnaml9tB7l4v068PAOXqfcujMMo5PhbIs6ggR1XODELqahT2R8v0fg==",
      "dev": true,
      "license": "MIT",
      "dependencies": {
        "undici-types": "~5.26.4"
      }
    },
    "node_modules/bowser": {
      "version": "2.14.1",
      "resolved": "https://registry.npmjs.org/bowser/-/bowser-2.14.1.tgz",
      "integrity": "sha512-tzPjzCxygAKWFOJP011oxFHs57HzIhOEracIgAePE4pqB3LikALKnSzUyU4MGs9/iCEUuHlAJTjTc5M+u7YEGg==",
      "license": "MIT"
    },
    "node_modules/esbuild": {
      "version": "0.19.12",
      "resolved": "https://registry.npmjs.org/esbuild/-/esbuild-0.19.12.tgz",
      "integrity": "sha512-aARqgq8roFBj054KvQr5f1sFu0D65G+miZRCuJyJ0G13Zwx7vRar5Zhn2tkQNzIXcBrNVsv/8stehpj+GAjgbg==",
      "dev": true,
      "hasInstallScript": true,
      "license": "MIT",
      "bin": {
        "esbuild": "bin/esbuild"
      },
      "engines": {
        "node": ">=12"
      },
      "optionalDependencies": {
        "@esbuild/aix-ppc64": "0.19.12",
        "@esbuild/android-arm": "0.19.12",
        "@esbuild/android-arm64": "0.19.12",
        "@esbuild/android-x64": "0.19.12",
        "@esbuild/darwin-arm64": "0.19.12",
        "@esbuild/darwin-x64": "0.19.12",
        "@esbuild/freebsd-arm64": "0.19.12",
        "@esbuild/freebsd-x64": "0.19.12",
        "@esbuild/linux-arm": "0.19.12",
        "@esbuild/linux-arm64": "0.19.12",
        "@esbuild/linux-ia32": "0.19.12",
        "@esbuild/linux-loong64": "0.19.12",
        "@esbuild/linux-mips64el": "0.19.12",
        "@esbuild/linux-ppc64": "0.19.12",
        "@esbuild/linux-riscv64": "0.19.12",
        "@esbuild/linux-s390x": "0.19.12",
        "@esbuild/linux-x64": "0.19.12",
        "@esbuild/netbsd-x64": "0.19.12",
        "@esbuild/openbsd-x64": "0.19.12",
        "@esbuild/sunos-x64": "0.19.12",
        "@esbuild/win32-arm64": "0.19.12",
        "@esbuild/win32-ia32": "0.19.12",
        "@esbuild/win32-x64": "0.19.12"
      }
    },
    "node_modules/groq-sdk": {
      "version": "1.3.0",
      "resolved": "https://registry.npmjs.org/groq-sdk/-/groq-sdk-1.3.0.tgz",
      "integrity": "sha512-mvgUIpAxlk/VxWIoliHx4R+Ha78Bd/g0t24OFjCXtdLbNiY1rW4h9AcznKBwFho7K/Nq732ZSjxMYkNb1xeCFg==",
      "license": "Apache-2.0",
      "bin": {
        "groq-sdk": "bin/cli"
      }
    },
    "node_modules/mnemonist": {
      "version": "0.38.3",
      "resolved": "https://registry.npmjs.org/mnemonist/-/mnemonist-0.38.3.tgz",
      "integrity": "sha512-2K9QYubXx/NAjv4VLq1d1Ly8pWNC5L3BrixtdkyTegXWJIqY+zLNDhhX/A+ZwWt70tB1S8H4BE8FLYEFyNoOBw==",
      "license": "MIT",
      "dependencies": {
        "obliterator": "^1.6.1"
      }
    },
    "node_modules/obliterator": {
      "version": "1.6.1",
      "resolved": "https://registry.npmjs.org/obliterator/-/obliterator-1.6.1.tgz",
      "integrity": "sha512-9WXswnqINnnhOG/5SLimUlzuU1hFJUc8zkwyD59Sd+dPOMf05PmnYG/d6Q7HZ+KmgkZJa1PxRso6QdM3sTNHig==",
      "license": "MIT"
    },
    "node_modules/tslib": {
      "version": "2.8.1",
      "resolved": "https://registry.npmjs.org/tslib/-/tslib-2.8.1.tgz",
      "integrity": "sha512-oJFu94HQb+KVduSUQL7wnpmqnfmLsOA/nAh6b6EH0wCEoK0/mPeXU6c3wKDV83MkOuHPRHtSXKKU99IBazS/2w==",
      "license": "0BSD"
    },
    "node_modules/typescript": {
      "version": "5.9.3",
      "resolved": "https://registry.npmjs.org/typescript/-/typescript-5.9.3.tgz",
      "integrity": "sha512-jl1vZzPDinLr9eUt3J/t7V6FgNEw9QjvBPdysz9KfQDD41fQrC2Y4vKQdiaUpFT4bXlb1RHhLpp8wtm6M5TgSw==",
      "dev": true,
      "license": "Apache-2.0",
      "bin": {
        "tsc": "bin/tsc",
        "tsserver": "bin/tsserver"
      },
      "engines": {
        "node": ">=14.17"
      }
    },
    "node_modules/undici-types": {
      "version": "5.26.5",
      "resolved": "https://registry.npmjs.org/undici-types/-/undici-types-5.26.5.tgz",
      "integrity": "sha512-JlCMO+ehdEIKqlFxk6IfVoAUVmgz7cU7zD/h9XZ0qzeosSHmUJVOzSQvvYSYWXkFXC+IfLKSIffhv0sVZup6pA==",
      "dev": true,
      "license": "MIT"
    }
  }
}
